// !$*UTF8*$!
{
	archiveVersion = 1;
	classes = {
	};
	objectVersion = 46;
	objects = {

/* Begin PBXBuildFile section */
		A04025791E4E0C8B00390B2C /* PluginLoader.framework in Frameworks */ = {isa = PBXBuildFile; fileRef = A04025781E4E0C8B00390B2C /* PluginLoader.framework */; };
		AD24E6811E4DC05D00489B55 /* PluginA.framework in Frameworks */ = {isa = PBXBuildFile; fileRef = AD24E6801E4DC05D00489B55 /* PluginA.framework */; };
		AD24E6831E4DC0ED00489B55 /* PluginA.bundle in Resources */ = {isa = PBXBuildFile; fileRef = AD24E6821E4DC0ED00489B55 /* PluginA.bundle */; };
		AD24E6BD1E4DD5E900489B55 /* PluginB.framework in Frameworks */ = {isa = PBXBuildFile; fileRef = AD24E6BC1E4DD5E900489B55 /* PluginB.framework */; };
		ADD4E44B1E4DA20F007FA14A /* main.m in Sources */ = {isa = PBXBuildFile; fileRef = ADD4E44A1E4DA20F007FA14A /* main.m */; };
		ADD4E44E1E4DA20F007FA14A /* AppDelegate.m in Sources */ = {isa = PBXBuildFile; fileRef = ADD4E44D1E4DA20F007FA14A /* AppDelegate.m */; };
		ADD4E4511E4DA20F007FA14A /* ViewController.m in Sources */ = {isa = PBXBuildFile; fileRef = ADD4E4501E4DA20F007FA14A /* ViewController.m */; };
		ADD4E4541E4DA20F007FA14A /* Main.storyboard in Resources */ = {isa = PBXBuildFile; fileRef = ADD4E4521E4DA20F007FA14A /* Main.storyboard */; };
		ADD4E4561E4DA20F007FA14A /* Assets.xcassets in Resources */ = {isa = PBXBuildFile; fileRef = ADD4E4551E4DA20F007FA14A /* Assets.xcassets */; };
		ADD4E4591E4DA20F007FA14A /* LaunchScreen.storyboard in Resources */ = {isa = PBXBuildFile; fileRef = ADD4E4571E4DA20F007FA14A /* LaunchScreen.storyboard */; };
/* End PBXBuildFile section */

/* Begin PBXFileReference section */
		A04025781E4E0C8B00390B2C /* PluginLoader.framework */ = {isa = PBXFileReference; lastKnownFileType = wrapper.framework; path = PluginLoader.framework; sourceTree = "<group>"; };
		AD24E6801E4DC05D00489B55 /* PluginA.framework */ = {isa = PBXFileReference; lastKnownFileType = wrapper.framework; path = PluginA.framework; sourceTree = "<group>"; };
		AD24E6821E4DC0ED00489B55 /* PluginA.bundle */ = {isa = PBXFileReference; lastKnownFileType = "wrapper.plug-in"; name = PluginA.bundle; path = PluginA.framework/PluginA.bundle; sourceTree = "<group>"; };
		AD24E6BC1E4DD5E900489B55 /* PluginB.framework */ = {isa = PBXFileReference; lastKnownFileType = wrapper.framework; path = PluginB.framework; sourceTree = "<group>"; };
		ADD4E4461E4DA20F007FA14A /* PluginApp.app */ = {isa = PBXFileReference; explicitFileType = wrapper.application; includeInIndex = 0; path = PluginApp.app; sourceTree = BUILT_PRODUCTS_DIR; };
		ADD4E44A1E4DA20F007FA14A /* main.m */ = {isa = PBXFileReference; lastKnownFileType = sourcecode.c.objc; path = main.m; sourceTree = "<group>"; };
		ADD4E44C1E4DA20F007FA14A /* AppDelegate.h */ = {isa = PBXFileReference; lastKnownFileType = sourcecode.c.h; path = AppDelegate.h; sourceTree = "<group>"; };
		ADD4E44D1E4DA20F007FA14A /* AppDelegate.m */ = {isa = PBXFileReference; lastKnownFileType = sourcecode.c.objc; path = AppDelegate.m; sourceTree = "<group>"; };
		ADD4E44F1E4DA20F007FA14A /* ViewController.h */ = {isa = PBXFileReference; lastKnownFileType = sourcecode.c.h; path = ViewController.h; sourceTree = "<group>"; };
		ADD4E4501E4DA20F007FA14A /* ViewController.m */ = {isa = PBXFileReference; lastKnownFileType = sourcecode.c.objc; path = ViewController.m; sourceTree = "<group>"; };
		ADD4E4531E4DA20F007FA14A /* Base */ = {isa = PBXFileReference; lastKnownFileType = file.storyboard; name = Base; path = Base.lproj/Main.storyboard; sourceTree = "<group>"; };
		ADD4E4551E4DA20F007FA14A /* Assets.xcassets */ = {isa = PBXFileReference; lastKnownFileType = folder.assetcatalog; path = Assets.xcassets; sourceTree = "<group>"; };
		ADD4E4581E4DA20F007FA14A /* Base */ = {isa = PBXFileReference; lastKnownFileType = file.storyboard; name = Base; path = Base.lproj/LaunchScreen.storyboard; sourceTree = "<group>"; };
		ADD4E45A1E4DA20F007FA14A /* Info.plist */ = {isa = PBXFileReference; lastKnownFileType = text.plist.xml; path = Info.plist; sourceTree = "<group>"; };
/* End PBXFileReference section */

/* Begin PBXFrameworksBuildPhase section */
		ADD4E4431E4DA20F007FA14A /* Frameworks */ = {
			isa = PBXFrameworksBuildPhase;
			buildActionMask = 2147483647;
			files = (
				A04025791E4E0C8B00390B2C /* PluginLoader.framework in Frameworks */,
				AD24E6BD1E4DD5E900489B55 /* PluginB.framework in Frameworks */,
				AD24E6811E4DC05D00489B55 /* PluginA.framework in Frameworks */,
			);
			runOnlyForDeploymentPostprocessing = 0;
		};
/* End PBXFrameworksBuildPhase section */

/* Begin PBXGroup section */
		ADD4E43D1E4DA20F007FA14A = {
			isa = PBXGroup;
			children = (
				ADD4E46D1E4DA480007FA14A /* Plugins */,
				ADD4E4481E4DA20F007FA14A /* PluginApp */,
				ADD4E4471E4DA20F007FA14A /* Products */,
			);
			sourceTree = "<group>";
		};
		ADD4E4471E4DA20F007FA14A /* Products */ = {
			isa = PBXGroup;
			children = (
				ADD4E4461E4DA20F007FA14A /* PluginApp.app */,
			);
			name = Products;
			sourceTree = "<group>";
		};
		ADD4E4481E4DA20F007FA14A /* PluginApp */ = {
			isa = PBXGroup;
			children = (
				ADD4E44C1E4DA20F007FA14A /* AppDelegate.h */,
				ADD4E44D1E4DA20F007FA14A /* AppDelegate.m */,
				ADD4E44F1E4DA20F007FA14A /* ViewController.h */,
				ADD4E4501E4DA20F007FA14A /* ViewController.m */,
				ADD4E4521E4DA20F007FA14A /* Main.storyboard */,
				ADD4E4551E4DA20F007FA14A /* Assets.xcassets */,
				ADD4E4571E4DA20F007FA14A /* LaunchScreen.storyboard */,
				ADD4E45A1E4DA20F007FA14A /* Info.plist */,
				ADD4E4491E4DA20F007FA14A /* Supporting Files */,
			);
			path = PluginApp;
			sourceTree = "<group>";
		};
		ADD4E4491E4DA20F007FA14A /* Supporting Files */ = {
			isa = PBXGroup;
			children = (
				ADD4E44A1E4DA20F007FA14A /* main.m */,
			);
			name = "Supporting Files";
			sourceTree = "<group>";
		};
		ADD4E46D1E4DA480007FA14A /* Plugins */ = {
			isa = PBXGroup;
			children = (
				A04025781E4E0C8B00390B2C /* PluginLoader.framework */,
				AD24E6BC1E4DD5E900489B55 /* PluginB.framework */,
				AD24E6821E4DC0ED00489B55 /* PluginA.bundle */,
				AD24E6801E4DC05D00489B55 /* PluginA.framework */,
			);
			path = Plugins;
			sourceTree = "<group>";
		};
/* End PBXGroup section */

/* Begin PBXNativeTarget section */
		ADD4E4451E4DA20F007FA14A /* PluginApp */ = {
			isa = PBXNativeTarget;
			buildConfigurationList = ADD4E45D1E4DA20F007FA14A /* Build configuration list for PBXNativeTarget "PluginApp" */;
			buildPhases = (
				ADD4E4421E4DA20F007FA14A /* Sources */,
				ADD4E4431E4DA20F007FA14A /* Frameworks */,
				ADD4E4441E4DA20F007FA14A /* Resources */,
			);
			buildRules = (
			);
			dependencies = (
			);
			name = PluginApp;
			productName = PluginApp;
			productReference = ADD4E4461E4DA20F007FA14A /* PluginApp.app */;
			productType = "com.apple.product-type.application";
		};
/* End PBXNativeTarget section */

/* Begin PBXProject section */
		ADD4E43E1E4DA20F007FA14A /* Project object */ = {
			isa = PBXProject;
			attributes = {
				LastUpgradeCheck = 0820;
				ORGANIZATIONNAME = xxw;
				TargetAttributes = {
					ADD4E4451E4DA20F007FA14A = {
						CreatedOnToolsVersion = 8.2.1;
						ProvisioningStyle = Manual;
					};
				};
			};
			buildConfigurationList = ADD4E4411E4DA20F007FA14A /* Build configuration list for PBXProject "PluginApp" */;
			compatibilityVersion = "Xcode 3.2";
			developmentRegion = English;
			hasScannedForEncodings = 0;
			knownRegions = (
				en,
				Base,
			);
			mainGroup = ADD4E43D1E4DA20F007FA14A;
			productRefGroup = ADD4E4471E4DA20F007FA14A /* Products */;
			projectDirPath = "";
			projectRoot = "";
			targets = (
				ADD4E4451E4DA20F007FA14A /* PluginApp */,
			);
		};
/* End PBXProject section */

/* Begin PBXResourcesBuildPhase section */
		ADD4E4441E4DA20F007FA14A /* Resources */ = {
			isa = PBXResourcesBuildPhase;
			buildActionMask = 2147483647;
			files = (
				ADD4E4591E4DA20F007FA14A /* LaunchScreen.storyboard in Resources */,
				ADD4E4561E4DA20F007FA14A /* Assets.xcassets in Resources */,
				AD24E6831E4DC0ED00489B55 /* PluginA.bundle in Resources */,
				ADD4E4541E4DA20F007FA14A /* Main.storyboard in Resources */,
			);
			runOnlyForDeploymentPostprocessing = 0;
		};
/* End PBXResourcesBuildPhase section */

/* Begin PBXSourcesBuildPhase section */
		ADD4E4421E4DA20F007FA14A /* Sources */ = {
			isa = PBXSourcesBuildPhase;
			buildActionMask = 2147483647;
			files = (
				ADD4E4511E4DA20F007FA14A /* ViewController.m in Sources */,
				ADD4E44E1E4DA20F007FA14A /* AppDelegate.m in Sources */,
				ADD4E44B1E4DA20F007FA14A /* main.m in Sources */,
			);
			runOnlyForDeploymentPostprocessing = 0;
		};
/* End PBXSourcesBuildPhase section */

/* Begin PBXVariantGroup section */
		ADD4E4521E4DA20F007FA14A /* Main.storyboard */ = {
			isa = PBXVariantGroup;
			children = (
				ADD4E4531E4DA20F007FA14A /* Base */,
			);
			name = Main.storyboard;
			sourceTree = "<group>";
		};
		ADD4E4571E4DA20F007FA14A /* LaunchScreen.storyboard */ = {
			isa = PBXVariantGroup;
			children = (
				ADD4E4581E4DA20F007FA14A /* Base */,
			);
			name = LaunchScreen.storyboard;
			sourceTree = "<group>";
		};
/* End PBXVariantGroup section */

/* Begin XCBuildConfiguration section */
		ADD4E45B1E4DA20F007FA14A /* Debug */ = {
			isa = XCBuildConfiguration;
			buildSettings = {
				ALWAYS_SEARCH_USER_PATHS = NO;
				CLANG_ANALYZER_NONNULL = YES;
				CLANG_CXX_LANGUAGE_STANDARD = "gnu++0x";
				CLANG_CXX_LIBRARY = "libc++";
				CLANG_ENABLE_MODULES = YES;
				CLANG_ENABLE_OBJC_ARC = YES;
				CLANG_WARN_BOOL_CONVERSION = YES;
				CLANG_WARN_CONSTANT_CONVERSION = YES;
				CLANG_WARN_DIRECT_OBJC_ISA_USAGE = YES_ERROR;
				CLANG_WARN_DOCUMENTATION_COMMENTS = YES;
				CLANG_WARN_EMPTY_BODY = YES;
				CLANG_WARN_ENUM_CONVERSION = YES;
				CLANG_WARN_INFINITE_RECURSION = YES;
				CLANG_WARN_INT_CONVERSION = YES;
				CLANG_WARN_OBJC_ROOT_CLASS = YES_ERROR;
				CLANG_WARN_SUSPICIOUS_MOVE = YES;
				CLANG_WARN_UNREACHABLE_CODE = YES;
				CLANG_WARN__DUPLICATE_METHOD_MATCH = YES;
				"CODE_SIGN_IDENTITY[sdk=iphoneos*]" = "iPhone Developer";
				COPY_PHASE_STRIP = NO;
				DEBUG_INFORMATION_FORMAT = dwarf;
				ENABLE_STRICT_OBJC_MSGSEND = YES;
				ENABLE_TESTABILITY = YES;
				GCC_C_LANGUAGE_STANDARD = gnu99;
				GCC_DYNAMIC_NO_PIC = NO;
				GCC_NO_COMMON_BLOCKS = YES;
				GCC_OPTIMIZATION_LEVEL = 0;
				GCC_PREPROCESSOR_DEFINITIONS = (
					"DEBUG=1",
					"$(inherited)",
				);
				GCC_WARN_64_TO_32_BIT_CONVERSION = YES;
				GCC_WARN_ABOUT_RETURN_TYPE = YES_ERROR;
				GCC_WARN_UNDECLARED_SELECTOR = YES;
				GCC_WARN_UNINITIALIZED_AUTOS = YES_AGGRESSIVE;
				GCC_WARN_UNUSED_FUNCTION = YES;
				GCC_WARN_UNUSED_VARIABLE = YES;
				IPHONEOS_DEPLOYMENT_TARGET = 8.0;
				MTL_ENABLE_DEBUG_INFO = YES;
				ONLY_ACTIVE_ARCH = YES;
				SDKROOT = iphoneos;
			};
			name = Debug;
		};
		ADD4E45C1E4DA20F007FA14A /* Release */ = {
			isa = XCBuildConfiguration;
			buildSettings = {
				ALWAYS_SEARCH_USER_PATHS = NO;
				CLANG_ANALYZER_NONNULL = YES;
				CLANG_CXX_LANGUAGE_STANDARD = "gnu++0x";
				CLANG_CXX_LIBRARY = "libc++";
				CLANG_ENABLE_MODULES = YES;
				CLANG_ENABLE_OBJC_ARC = YES;
				CLANG_WARN_BOOL_CONVERSION = YES;
				CLANG_WARN_CONSTANT_CONVERSION = YES;
				CLANG_WARN_DIRECT_OBJC_ISA_USAGE = YES_ERROR;
				CLANG_WARN_DOCUMENTATION_COMMENTS = YES;
				CLANG_WARN_EMPTY_BODY = YES;
				CLANG_WARN_ENUM_CONVERSION = YES;
				CLANG_WARN_INFINITE_RECURSION = YES;
				CLANG_WARN_INT_CONVERSION = YES;
				CLANG_WARN_OBJC_ROOT_CLASS = YES_ERROR;
				CLANG_WARN_SUSPICIOUS_MOVE = YES;
				CLANG_WARN_UNREACHABLE_CODE = YES;
				CLANG_WARN__DUPLICATE_METHOD_MATCH = YES;
				"CODE_SIGN_IDENTITY[sdk=iphoneos*]" = "iPhone Developer";
				COPY_PHASE_STRIP = NO;
				DEBUG_INFORMATION_FORMAT = "dwarf-with-dsym";
				ENABLE_NS_ASSERTIONS = NO;
				ENABLE_STRICT_OBJC_MSGSEND = YES;
				GCC_C_LANGUAGE_STANDARD = gnu99;
				GCC_NO_COMMON_BLOCKS = YES;
				GCC_WARN_64_TO_32_BIT_CONVERSION = YES;
				GCC_WARN_ABOUT_RETURN_TYPE = YES_ERROR;
				GCC_WARN_UNDECLARED_SELECTOR = YES;
				GCC_WARN_UNINITIALIZED_AUTOS = YES_AGGRESSIVE;
				GCC_WARN_UNUSED_FUNCTION = YES;
				GCC_WARN_UNUSED_VARIABLE = YES;
				IPHONEOS_DEPLOYMENT_TARGET = 8.0;
				MTL_ENABLE_DEBUG_INFO = NO;
				SDKROOT = iphoneos;
				VALIDATE_PRODUCT = YES;
			};
			name = Release;
		};
		ADD4E45E1E4DA20F007FA14A /* Debug */ = {
			isa = XCBuildConfiguration;
			buildSettings = {
				ASSETCATALOG_COMPILER_APPICON_NAME = AppIcon;
				DEVELOPMENT_TEAM = "";
				FRAMEWORK_SEARCH_PATHS = (
					"$(inherited)",
					"$(PROJECT_DIR)/Plugins",
				);
				INFOPLIST_FILE = PluginApp/Info.plist;
				LD_RUNPATH_SEARCH_PATHS = "$(inherited) @executable_path/Frameworks";
				PRODUCT_BUNDLE_IDENTIFIER = com.xxw.plugins.PluginApp;
				PRODUCT_NAME = "$(TARGET_NAME)";
			};
			name = Debug;
		};
		ADD4E45F1E4DA20F007FA14A /* Release */ = {
			isa = XCBuildConfiguration;
			buildSettings = {
				ASSETCATALOG_COMPILER_APPICON_NAME = AppIcon;
				DEVELOPMENT_TEAM = "";
				FRAMEWORK_SEARCH_PATHS = (
					"$(inherited)",
					"$(PROJECT_DIR)/Plugins",
				);
				INFOPLIST_FILE = PluginApp/Info.plist;
				LD_RUNPATH_SEARCH_PATHS = "$(inherited) @executable_path/Frameworks";
				PRODUCT_BUNDLE_IDENTIFIER = com.xxw.plugins.PluginApp;
				PRODUCT_NAME = "$(TARGET_NAME)";
			};
			name = Release;
		};
/* End XCBuildConfiguration section */

/* Begin XCConfigurationList section */
		ADD4E4411E4DA20F007FA14A /* Build configuration list for PBXProject "PluginApp" */ = {
			isa = XCConfigurationList;
			buildConfigurations = (
				ADD4E45B1E4DA20F007FA14A /* Debug */,
				ADD4E45C1E4DA20F007FA14A /* Release */,
			);
			defaultConfigurationIsVisible = 0;
			defaultConfigurationName = Release;
		};
		ADD4E45D1E4DA20F007FA14A /* Build configuration list for PBXNativeTarget "PluginApp" */ = {
			isa = XCConfigurationList;
			buildConfigurations = (
				ADD4E45E1E4DA20F007FA14A /* Debug */,
				ADD4E45F1E4DA20F007FA14A /* Release */,
			);
			defaultConfigurationIsVisible = 0;
			defaultConfigurationName = Release;
		};
/* End XCConfigurationList section */
	};
	rootObject = ADD4E43E1E4DA20F007FA14A /* Project object */;
}
